
Microsoft Visual Studio Solution File, Format Version 12.00
# Visual Studio Version 16
VisualStudioVersion = 16.0.29613.14
MinimumVisualStudioVersion = 10.0.40219.1
Project("{FAE04EC0-301F-11D3-BF4B-00C04F79EFBC}") = "WebApi", "WebApi\WebApi.csproj", "{8132BA92-2959-42B8-BB90-DE803CF9AFFD}"
EndProject
Global
	GlobalSection(SolutionConfigurationPlatforms) = preSolution
		Debug|Any CPU = Debug|Any CPU
		Release|Any CPU = Release|Any CPU
	EndGlobalSection
	GlobalSection(ProjectConfigurationPlatforms) = postSolution
		{8132BA92-2959-42B8-BB90-DE803CF9AFFD}.Debug|Any CPU.ActiveCfg = Debug|Any CPU
		{8132BA92-2959-42B8-BB90-DE803CF9AFFD}.Debug|Any CPU.Build.0 = Debug|Any CPU
		{8132BA92-2959-42B8-BB90-DE803CF9AFFD}.Release|Any CPU.ActiveCfg = Release|Any CPU
		{8132BA92-2959-42B8-BB90-DE803CF9AFFD}.Release|Any CPU.Build.0 = Release|Any CPU
	EndGlobalSection
	GlobalSection(SolutionProperties) = preSolution
		HideSolutionNode = FALSE
	EndGlobalSection
	GlobalSection(ExtensibilityGlobals) = postSolution
		SolutionGuid = {002C116F-CA96-4054-934F-C5F0D69D47C5}
	EndGlobalSection
EndGlobal
